
Microsoft Visual Studio Solution File, Format Version 12.00
# Visual Studio 15
VisualStudioVersion = 15.0.27130.2027
MinimumVisualStudioVersion = 10.0.40219.1
Project("{FAE04EC0-301F-11D3-BF4B-00C04F79EFBC}") = "ScientificCalculation", "ScientificCalculation\ScientificCalculation.csproj", "{262F182B-680A-4DC7-B223-4420DBF03338}"
EndProject
Global
	GlobalSection(SolutionConfigurationPlatforms) = preSolution
		Debug|Any CPU = Debug|Any CPU
		Release|Any CPU = Release|Any CPU
	EndGlobalSection
	GlobalSection(ProjectConfigurationPlatforms) = postSolution
		{262F182B-680A-4DC7-B223-4420DBF03338}.Debug|Any CPU.ActiveCfg = Debug|Any CPU
		{262F182B-680A-4DC7-B223-4420DBF03338}.Debug|Any CPU.Build.0 = Debug|Any CPU
		{262F182B-680A-4DC7-B223-4420DBF03338}.Release|Any CPU.ActiveCfg = Release|Any CPU
		{262F182B-680A-4DC7-B223-4420DBF03338}.Release|Any CPU.Build.0 = Release|Any CPU
	EndGlobalSection
	GlobalSection(SolutionProperties) = preSolution
		HideSolutionNode = FALSE
	EndGlobalSection
	GlobalSection(ExtensibilityGlobals) = postSolution
		SolutionGuid = {1E8A77F4-DD25-47A9-BB8A-96827A1DB61C}
	EndGlobalSection
EndGlobal
